
Microsoft Visual Studio Solution File, Format Version 12.00
# Visual Studio Version 17
VisualStudioVersion = 17.9.34701.34
MinimumVisualStudioVersion = 10.0.40219.1
Project("{2150E333-8FDC-42A3-9474-1A3956D46DE8}") = "Services", "Services", "{DE968A86-2F9C-4EF5-A21D-43B364E1DBAA}"
EndProject
Project("{2150E333-8FDC-42A3-9474-1A3956D46DE8}") = "FrontEnd", "FrontEnd", "{66A3B611-575B-496D-9C3D-B609B659C92A}"
EndProject
Project("{2150E333-8FDC-42A3-9474-1A3956D46DE8}") = "Gateway", "Gateway", "{9A1A1486-7E6B-4E97-A08D-5DBD001F3093}"
EndProject
Project("{2150E333-8FDC-42A3-9474-1A3956D46DE8}") = "Integration", "Integration", "{E3C8ACDD-19D8-4DAC-AB67-4AB69DCB147A}"
EndProject
Project("{9A19103F-16F7-4668-BE54-9A1E7A4F7556}") = "OnlineShop.Services.DiscountAPI", "OnlineShop.Services.DiscountAPI\OnlineShop.Services.DiscountAPI.csproj", "{8A8593CA-ED3C-4E8B-9E1F-9D98937B2703}"
EndProject
Project("{9A19103F-16F7-4668-BE54-9A1E7A4F7556}") = "OnlineShop.Web", "OnlineShop.Web\OnlineShop.Web.csproj", "{8FE14CF7-9EA9-4142-97EF-B01677DEFBEE}"
EndProject
Project("{9A19103F-16F7-4668-BE54-9A1E7A4F7556}") = "OnlineShop.Services.AuthAPI", "OnlineShop.Services.AuthAPI\OnlineShop.Services.AuthAPI.csproj", "{157863A3-2ABC-472F-8785-D6CBBF5541C7}"
EndProject
Project("{9A19103F-16F7-4668-BE54-9A1E7A4F7556}") = "OnlineShop.Services.ShoppingCartAPI", "OnlineShop.Services.ShoppingCartAPI\OnlineShop.Services.ShoppingCartAPI.csproj", "{46B329E8-7912-4068-99C4-E15A4AB2A647}"
EndProject
Project("{9A19103F-16F7-4668-BE54-9A1E7A4F7556}") = "Onlineshop.Services.ProductAPI", "Onlinshop.Services.ProductAPI\Onlineshop.Services.ProductAPI.csproj", "{43D83C32-5086-4E88-BDEE-F8510DAD4452}"
EndProject
Project("{9A19103F-16F7-4668-BE54-9A1E7A4F7556}") = "Onlineshop.Services.ProductCategoryAPI", "Onlinshop.Services.ProductCategoryAPI\Onlineshop.Services.ProductCategoryAPI.csproj", "{5F7479F5-7E89-43C0-AD9C-E5EEC02DDE55}"
EndProject
Project("{9A19103F-16F7-4668-BE54-9A1E7A4F7556}") = "OnlineShop.Gateway", "OnlineShop.Gateway\OnlineShop.Gateway.csproj", "{16BC9AD9-938E-4A6A-881F-FEBAF4F74846}"
EndProject
Project("{FAE04EC0-301F-11D3-BF4B-00C04F79EFBC}") = "OnlineShop.Services.OrderAPI", "OnlineShop.Services.OrderAPI\OnlineShop.Services.OrderAPI.csproj", "{CCB0A68A-7EE0-43C9-9BF2-23420B929956}"
EndProject
Global
	GlobalSection(SolutionConfigurationPlatforms) = preSolution
		Debug|Any CPU = Debug|Any CPU
		Release|Any CPU = Release|Any CPU
	EndGlobalSection
	GlobalSection(ProjectConfigurationPlatforms) = postSolution
		{8A8593CA-ED3C-4E8B-9E1F-9D98937B2703}.Debug|Any CPU.ActiveCfg = Debug|Any CPU
		{8A8593CA-ED3C-4E8B-9E1F-9D98937B2703}.Debug|Any CPU.Build.0 = Debug|Any CPU
		{8A8593CA-ED3C-4E8B-9E1F-9D98937B2703}.Release|Any CPU.ActiveCfg = Release|Any CPU
		{8A8593CA-ED3C-4E8B-9E1F-9D98937B2703}.Release|Any CPU.Build.0 = Release|Any CPU
		{8FE14CF7-9EA9-4142-97EF-B01677DEFBEE}.Debug|Any CPU.ActiveCfg = Debug|Any CPU
		{8FE14CF7-9EA9-4142-97EF-B01677DEFBEE}.Debug|Any CPU.Build.0 = Debug|Any CPU
		{8FE14CF7-9EA9-4142-97EF-B01677DEFBEE}.Release|Any CPU.ActiveCfg = Release|Any CPU
		{8FE14CF7-9EA9-4142-97EF-B01677DEFBEE}.Release|Any CPU.Build.0 = Release|Any CPU
		{157863A3-2ABC-472F-8785-D6CBBF5541C7}.Debug|Any CPU.ActiveCfg = Debug|Any CPU
		{157863A3-2ABC-472F-8785-D6CBBF5541C7}.Debug|Any CPU.Build.0 = Debug|Any CPU
		{157863A3-2ABC-472F-8785-D6CBBF5541C7}.Release|Any CPU.ActiveCfg = Release|Any CPU
		{157863A3-2ABC-472F-8785-D6CBBF5541C7}.Release|Any CPU.Build.0 = Release|Any CPU
		{46B329E8-7912-4068-99C4-E15A4AB2A647}.Debug|Any CPU.ActiveCfg = Debug|Any CPU
		{46B329E8-7912-4068-99C4-E15A4AB2A647}.Debug|Any CPU.Build.0 = Debug|Any CPU
		{46B329E8-7912-4068-99C4-E15A4AB2A647}.Release|Any CPU.ActiveCfg = Release|Any CPU
		{46B329E8-7912-4068-99C4-E15A4AB2A647}.Release|Any CPU.Build.0 = Release|Any CPU
		{43D83C32-5086-4E88-BDEE-F8510DAD4452}.Debug|Any CPU.ActiveCfg = Debug|Any CPU
		{43D83C32-5086-4E88-BDEE-F8510DAD4452}.Debug|Any CPU.Build.0 = Debug|Any CPU
		{43D83C32-5086-4E88-BDEE-F8510DAD4452}.Release|Any CPU.ActiveCfg = Release|Any CPU
		{43D83C32-5086-4E88-BDEE-F8510DAD4452}.Release|Any CPU.Build.0 = Release|Any CPU
		{5F7479F5-7E89-43C0-AD9C-E5EEC02DDE55}.Debug|Any CPU.ActiveCfg = Debug|Any CPU
		{5F7479F5-7E89-43C0-AD9C-E5EEC02DDE55}.Debug|Any CPU.Build.0 = Debug|Any CPU
		{5F7479F5-7E89-43C0-AD9C-E5EEC02DDE55}.Release|Any CPU.ActiveCfg = Release|Any CPU
		{5F7479F5-7E89-43C0-AD9C-E5EEC02DDE55}.Release|Any CPU.Build.0 = Release|Any CPU
		{16BC9AD9-938E-4A6A-881F-FEBAF4F74846}.Debug|Any CPU.ActiveCfg = Debug|Any CPU
		{16BC9AD9-938E-4A6A-881F-FEBAF4F74846}.Debug|Any CPU.Build.0 = Debug|Any CPU
		{16BC9AD9-938E-4A6A-881F-FEBAF4F74846}.Release|Any CPU.ActiveCfg = Release|Any CPU
		{16BC9AD9-938E-4A6A-881F-FEBAF4F74846}.Release|Any CPU.Build.0 = Release|Any CPU
		{CCB0A68A-7EE0-43C9-9BF2-23420B929956}.Debug|Any CPU.ActiveCfg = Debug|Any CPU
		{CCB0A68A-7EE0-43C9-9BF2-23420B929956}.Debug|Any CPU.Build.0 = Debug|Any CPU
		{CCB0A68A-7EE0-43C9-9BF2-23420B929956}.Release|Any CPU.ActiveCfg = Release|Any CPU
		{CCB0A68A-7EE0-43C9-9BF2-23420B929956}.Release|Any CPU.Build.0 = Release|Any CPU
	EndGlobalSection
	GlobalSection(SolutionProperties) = preSolution
		HideSolutionNode = FALSE
	EndGlobalSection
	GlobalSection(NestedProjects) = preSolution
		{8A8593CA-ED3C-4E8B-9E1F-9D98937B2703} = {DE968A86-2F9C-4EF5-A21D-43B364E1DBAA}
		{8FE14CF7-9EA9-4142-97EF-B01677DEFBEE} = {66A3B611-575B-496D-9C3D-B609B659C92A}
		{157863A3-2ABC-472F-8785-D6CBBF5541C7} = {DE968A86-2F9C-4EF5-A21D-43B364E1DBAA}
		{46B329E8-7912-4068-99C4-E15A4AB2A647} = {DE968A86-2F9C-4EF5-A21D-43B364E1DBAA}
		{43D83C32-5086-4E88-BDEE-F8510DAD4452} = {DE968A86-2F9C-4EF5-A21D-43B364E1DBAA}
		{5F7479F5-7E89-43C0-AD9C-E5EEC02DDE55} = {DE968A86-2F9C-4EF5-A21D-43B364E1DBAA}
		{16BC9AD9-938E-4A6A-881F-FEBAF4F74846} = {9A1A1486-7E6B-4E97-A08D-5DBD001F3093}
		{CCB0A68A-7EE0-43C9-9BF2-23420B929956} = {DE968A86-2F9C-4EF5-A21D-43B364E1DBAA}
	EndGlobalSection
	GlobalSection(ExtensibilityGlobals) = postSolution
		SolutionGuid = {22C9BEC0-46FE-4244-82EE-E788DC97DE1C}
	EndGlobalSection
EndGlobal
